
Microsoft Visual Studio Solution File, Format Version 12.00
# Visual Studio Version 17
VisualStudioVersion = 17.0.31912.275
MinimumVisualStudioVersion = 10.0.40219.1
Project("{9A19103F-16F7-4668-BE54-9A1E7A4F7556}") = "NeuralNetworkProcessor", "NeuralNetworkProcessor\NeuralNetworkProcessor.csproj", "{B1A32FA0-9F29-46D4-840D-4D89E1E173AE}"
EndProject
Project("{9A19103F-16F7-4668-BE54-9A1E7A4F7556}") = "QuickGraph", "QuickGraph\QuickGraph.csproj", "{04F15030-65DF-461D-9BDF-F7DB5D844236}"
EndProject
Project("{9A19103F-16F7-4668-BE54-9A1E7A4F7556}") = "GraphSharp", "GraphSharp\GraphSharp.csproj", "{1530F9DF-8D01-4779-A1C6-2AE59C01970F}"
EndProject
Project("{9A19103F-16F7-4668-BE54-9A1E7A4F7556}") = "GraphSharp.Controls", "GraphSharp.Controls\GraphSharp.Controls.csproj", "{89BD4110-4450-4AAC-B3BD-8A25BBF5AE99}"
EndProject
Project("{9A19103F-16F7-4668-BE54-9A1E7A4F7556}") = "NNPlatform", "NNPlatform\NNPlatform.csproj", "{28FA5D15-9B23-437D-96FB-540CEA0E7A8B}"
EndProject
Project("{9A19103F-16F7-4668-BE54-9A1E7A4F7556}") = "YamlDotNet", "YamlDotNet\YamlDotNet.csproj", "{3EE50646-F318-498B-97EC-436FC238D480}"
EndProject
Project("{9A19103F-16F7-4668-BE54-9A1E7A4F7556}") = "Utilities", "Utilities\Utilities.csproj", "{A90A2F12-ED76-42B7-B6C7-0F83C90664E4}"
EndProject
Project("{9A19103F-16F7-4668-BE54-9A1E7A4F7556}") = "GraphAlgorithmTester", "GraphAlgorithmTester\GraphAlgorithmTester.csproj", "{D7CF7050-DF02-402A-9F0F-E0457514305F}"
EndProject
Project("{9A19103F-16F7-4668-BE54-9A1E7A4F7556}") = "NLP", "NLP\NLP.csproj", "{7005C62A-44FB-4A8F-806F-02A4A83DAB3A}"
EndProject
Project("{9A19103F-16F7-4668-BE54-9A1E7A4F7556}") = "IKVM.Reflection", "ikvm\reflect\IKVM.Reflection.csproj", "{20DD5FA7-3D91-429B-B7E6-79992AEA3D3A}"
EndProject
Project("{9A19103F-16F7-4668-BE54-9A1E7A4F7556}") = "SharpLua", "SharpLua\SharpLua.csproj", "{7AC8C834-12D7-4F67-AC3D-8B9DE9744631}"
EndProject
Project("{9A19103F-16F7-4668-BE54-9A1E7A4F7556}") = "ELFSharp", "ELFSharp\ELFSharp.csproj", "{FC1C21EC-79E3-40BA-8395-6C5C88BFCF79}"
EndProject
Project("{9A19103F-16F7-4668-BE54-9A1E7A4F7556}") = "XbyakSharp", "XbyakSharp\XbyakSharp.csproj", "{11662F68-FD4E-4795-A77F-99D18B77651C}"
EndProject
Project("{9A19103F-16F7-4668-BE54-9A1E7A4F7556}") = "SharpDisasm", "SharpDisasm\SharpDisasm.csproj", "{182E468D-C3E1-4757-A485-2D11D7CEB22C}"
EndProject
Project("{9A19103F-16F7-4668-BE54-9A1E7A4F7556}") = "SomCSharp", "SomCSharp\SomCSharp.csproj", "{A2A3856D-2FC6-400C-A6B7-B5A2A6BE490C}"
EndProject
Project("{9A19103F-16F7-4668-BE54-9A1E7A4F7556}") = "SharpAssembler", "CSharpAssembler\SharpAssembler\Source\SharpAssembler.csproj", "{13753F52-CB13-4CD9-8FAD-D1491122E12B}"
EndProject
Project("{9A19103F-16F7-4668-BE54-9A1E7A4F7556}") = "SharpAssembler.Architectures.X86", "CSharpAssembler\SharpAssembler.Architectures.X86\Source\SharpAssembler.Architectures.X86.csproj", "{DFB50F5B-0EF4-41F9-8706-9F527EC51BB0}"
EndProject
Project("{9A19103F-16F7-4668-BE54-9A1E7A4F7556}") = "SharpAssembler.Formats.Bin", "CSharpAssembler\SharpAssembler.Formats.Bin\Source\SharpAssembler.Formats.Bin.csproj", "{F8AC61CF-EE23-4F85-8F72-6F5733277112}"
EndProject
Project("{9A19103F-16F7-4668-BE54-9A1E7A4F7556}") = "SharpAssembler.Formats.Elf32", "CSharpAssembler\SharpAssembler.Formats.Elf32\Source\SharpAssembler.Formats.Elf32.csproj", "{8E721295-E323-4B25-B233-07A719B24FEE}"
EndProject
Project("{9A19103F-16F7-4668-BE54-9A1E7A4F7556}") = "SharpAssembler.Languages.Nasm", "CSharpAssembler\SharpAssembler.Languages.Nasm\Source\SharpAssembler.Languages.Nasm.csproj", "{E483CE75-A8FB-43DE-BEEC-512F958D76A9}"
EndProject
Project("{FAE04EC0-301F-11D3-BF4B-00C04F79EFBC}") = "NeuralNetworkProcessorSample", "NeuralNetworkProcessorSample\NeuralNetworkProcessorSample.csproj", "{8D845933-5560-4960-BCC2-8CAC95A89188}"
EndProject
Project("{FAE04EC0-301F-11D3-BF4B-00C04F79EFBC}") = "NeuralNetworkCodeEdit", "NeuralNetworkCodeEdit\NeuralNetworkCodeEdit.csproj", "{0DC93781-D13B-4222-82D6-07CF0B372C42}"
EndProject
Global
	GlobalSection(SolutionConfigurationPlatforms) = preSolution
		Debug|Any CPU = Debug|Any CPU
		Debug|x64 = Debug|x64
		Debug|x86 = Debug|x86
		Release|Any CPU = Release|Any CPU
		Release|x64 = Release|x64
		Release|x86 = Release|x86
	EndGlobalSection
	GlobalSection(ProjectConfigurationPlatforms) = postSolution
		{B1A32FA0-9F29-46D4-840D-4D89E1E173AE}.Debug|Any CPU.ActiveCfg = Debug|Any CPU
		{B1A32FA0-9F29-46D4-840D-4D89E1E173AE}.Debug|Any CPU.Build.0 = Debug|Any CPU
		{B1A32FA0-9F29-46D4-840D-4D89E1E173AE}.Debug|x64.ActiveCfg = Debug|Any CPU
		{B1A32FA0-9F29-46D4-840D-4D89E1E173AE}.Debug|x64.Build.0 = Debug|Any CPU
		{B1A32FA0-9F29-46D4-840D-4D89E1E173AE}.Debug|x86.ActiveCfg = Debug|Any CPU
		{B1A32FA0-9F29-46D4-840D-4D89E1E173AE}.Debug|x86.Build.0 = Debug|Any CPU
		{B1A32FA0-9F29-46D4-840D-4D89E1E173AE}.Release|Any CPU.ActiveCfg = Release|Any CPU
		{B1A32FA0-9F29-46D4-840D-4D89E1E173AE}.Release|Any CPU.Build.0 = Release|Any CPU
		{B1A32FA0-9F29-46D4-840D-4D89E1E173AE}.Release|x64.ActiveCfg = Release|Any CPU
		{B1A32FA0-9F29-46D4-840D-4D89E1E173AE}.Release|x64.Build.0 = Release|Any CPU
		{B1A32FA0-9F29-46D4-840D-4D89E1E173AE}.Release|x86.ActiveCfg = Release|Any CPU
		{B1A32FA0-9F29-46D4-840D-4D89E1E173AE}.Release|x86.Build.0 = Release|Any CPU
		{04F15030-65DF-461D-9BDF-F7DB5D844236}.Debug|Any CPU.ActiveCfg = Debug|Any CPU
		{04F15030-65DF-461D-9BDF-F7DB5D844236}.Debug|Any CPU.Build.0 = Debug|Any CPU
		{04F15030-65DF-461D-9BDF-F7DB5D844236}.Debug|x64.ActiveCfg = Debug|Any CPU
		{04F15030-65DF-461D-9BDF-F7DB5D844236}.Debug|x64.Build.0 = Debug|Any CPU
		{04F15030-65DF-461D-9BDF-F7DB5D844236}.Debug|x86.ActiveCfg = Debug|Any CPU
		{04F15030-65DF-461D-9BDF-F7DB5D844236}.Debug|x86.Build.0 = Debug|Any CPU
		{04F15030-65DF-461D-9BDF-F7DB5D844236}.Release|Any CPU.ActiveCfg = Release|Any CPU
		{04F15030-65DF-461D-9BDF-F7DB5D844236}.Release|Any CPU.Build.0 = Release|Any CPU
		{04F15030-65DF-461D-9BDF-F7DB5D844236}.Release|x64.ActiveCfg = Release|Any CPU
		{04F15030-65DF-461D-9BDF-F7DB5D844236}.Release|x64.Build.0 = Release|Any CPU
		{04F15030-65DF-461D-9BDF-F7DB5D844236}.Release|x86.ActiveCfg = Release|Any CPU
		{04F15030-65DF-461D-9BDF-F7DB5D844236}.Release|x86.Build.0 = Release|Any CPU
		{1530F9DF-8D01-4779-A1C6-2AE59C01970F}.Debug|Any CPU.ActiveCfg = Debug|Any CPU
		{1530F9DF-8D01-4779-A1C6-2AE59C01970F}.Debug|Any CPU.Build.0 = Debug|Any CPU
		{1530F9DF-8D01-4779-A1C6-2AE59C01970F}.Debug|x64.ActiveCfg = Debug|Any CPU
		{1530F9DF-8D01-4779-A1C6-2AE59C01970F}.Debug|x64.Build.0 = Debug|Any CPU
		{1530F9DF-8D01-4779-A1C6-2AE59C01970F}.Debug|x86.ActiveCfg = Debug|Any CPU
		{1530F9DF-8D01-4779-A1C6-2AE59C01970F}.Debug|x86.Build.0 = Debug|Any CPU
		{1530F9DF-8D01-4779-A1C6-2AE59C01970F}.Release|Any CPU.ActiveCfg = Release|Any CPU
		{1530F9DF-8D01-4779-A1C6-2AE59C01970F}.Release|Any CPU.Build.0 = Release|Any CPU
		{1530F9DF-8D01-4779-A1C6-2AE59C01970F}.Release|x64.ActiveCfg = Release|Any CPU
		{1530F9DF-8D01-4779-A1C6-2AE59C01970F}.Release|x64.Build.0 = Release|Any CPU
		{1530F9DF-8D01-4779-A1C6-2AE59C01970F}.Release|x86.ActiveCfg = Release|Any CPU
		{1530F9DF-8D01-4779-A1C6-2AE59C01970F}.Release|x86.Build.0 = Release|Any CPU
		{89BD4110-4450-4AAC-B3BD-8A25BBF5AE99}.Debug|Any CPU.ActiveCfg = Debug|Any CPU
		{89BD4110-4450-4AAC-B3BD-8A25BBF5AE99}.Debug|Any CPU.Build.0 = Debug|Any CPU
		{89BD4110-4450-4AAC-B3BD-8A25BBF5AE99}.Debug|x64.ActiveCfg = Debug|Any CPU
		{89BD4110-4450-4AAC-B3BD-8A25BBF5AE99}.Debug|x64.Build.0 = Debug|Any CPU
		{89BD4110-4450-4AAC-B3BD-8A25BBF5AE99}.Debug|x86.ActiveCfg = Debug|Any CPU
		{89BD4110-4450-4AAC-B3BD-8A25BBF5AE99}.Debug|x86.Build.0 = Debug|Any CPU
		{89BD4110-4450-4AAC-B3BD-8A25BBF5AE99}.Release|Any CPU.ActiveCfg = Release|Any CPU
		{89BD4110-4450-4AAC-B3BD-8A25BBF5AE99}.Release|Any CPU.Build.0 = Release|Any CPU
		{89BD4110-4450-4AAC-B3BD-8A25BBF5AE99}.Release|x64.ActiveCfg = Release|Any CPU
		{89BD4110-4450-4AAC-B3BD-8A25BBF5AE99}.Release|x64.Build.0 = Release|Any CPU
		{89BD4110-4450-4AAC-B3BD-8A25BBF5AE99}.Release|x86.ActiveCfg = Release|Any CPU
		{89BD4110-4450-4AAC-B3BD-8A25BBF5AE99}.Release|x86.Build.0 = Release|Any CPU
		{28FA5D15-9B23-437D-96FB-540CEA0E7A8B}.Debug|Any CPU.ActiveCfg = Debug|Any CPU
		{28FA5D15-9B23-437D-96FB-540CEA0E7A8B}.Debug|Any CPU.Build.0 = Debug|Any CPU
		{28FA5D15-9B23-437D-96FB-540CEA0E7A8B}.Debug|x64.ActiveCfg = Debug|Any CPU
		{28FA5D15-9B23-437D-96FB-540CEA0E7A8B}.Debug|x64.Build.0 = Debug|Any CPU
		{28FA5D15-9B23-437D-96FB-540CEA0E7A8B}.Debug|x86.ActiveCfg = Debug|Any CPU
		{28FA5D15-9B23-437D-96FB-540CEA0E7A8B}.Debug|x86.Build.0 = Debug|Any CPU
		{28FA5D15-9B23-437D-96FB-540CEA0E7A8B}.Release|Any CPU.ActiveCfg = Release|Any CPU
		{28FA5D15-9B23-437D-96FB-540CEA0E7A8B}.Release|Any CPU.Build.0 = Release|Any CPU
		{28FA5D15-9B23-437D-96FB-540CEA0E7A8B}.Release|x64.ActiveCfg = Release|Any CPU
		{28FA5D15-9B23-437D-96FB-540CEA0E7A8B}.Release|x64.Build.0 = Release|Any CPU
		{28FA5D15-9B23-437D-96FB-540CEA0E7A8B}.Release|x86.ActiveCfg = Release|Any CPU
		{28FA5D15-9B23-437D-96FB-540CEA0E7A8B}.Release|x86.Build.0 = Release|Any CPU
		{3EE50646-F318-498B-97EC-436FC238D480}.Debug|Any CPU.ActiveCfg = Debug|Any CPU
		{3EE50646-F318-498B-97EC-436FC238D480}.Debug|Any CPU.Build.0 = Debug|Any CPU
		{3EE50646-F318-498B-97EC-436FC238D480}.Debug|x64.ActiveCfg = Debug|Any CPU
		{3EE50646-F318-498B-97EC-436FC238D480}.Debug|x64.Build.0 = Debug|Any CPU
		{3EE50646-F318-498B-97EC-436FC238D480}.Debug|x86.ActiveCfg = Debug|Any CPU
		{3EE50646-F318-498B-97EC-436FC238D480}.Debug|x86.Build.0 = Debug|Any CPU
		{3EE50646-F318-498B-97EC-436FC238D480}.Release|Any CPU.ActiveCfg = Release|Any CPU
		{3EE50646-F318-498B-97EC-436FC238D480}.Release|Any CPU.Build.0 = Release|Any CPU
		{3EE50646-F318-498B-97EC-436FC238D480}.Release|x64.ActiveCfg = Release|Any CPU
		{3EE50646-F318-498B-97EC-436FC238D480}.Release|x64.Build.0 = Release|Any CPU
		{3EE50646-F318-498B-97EC-436FC238D480}.Release|x86.ActiveCfg = Release|Any CPU
		{3EE50646-F318-498B-97EC-436FC238D480}.Release|x86.Build.0 = Release|Any CPU
		{A90A2F12-ED76-42B7-B6C7-0F83C90664E4}.Debug|Any CPU.ActiveCfg = Debug|Any CPU
		{A90A2F12-ED76-42B7-B6C7-0F83C90664E4}.Debug|Any CPU.Build.0 = Debug|Any CPU
		{A90A2F12-ED76-42B7-B6C7-0F83C90664E4}.Debug|x64.ActiveCfg = Debug|Any CPU
		{A90A2F12-ED76-42B7-B6C7-0F83C90664E4}.Debug|x64.Build.0 = Debug|Any CPU
		{A90A2F12-ED76-42B7-B6C7-0F83C90664E4}.Debug|x86.ActiveCfg = Debug|Any CPU
		{A90A2F12-ED76-42B7-B6C7-0F83C90664E4}.Debug|x86.Build.0 = Debug|Any CPU
		{A90A2F12-ED76-42B7-B6C7-0F83C90664E4}.Release|Any CPU.ActiveCfg = Release|Any CPU
		{A90A2F12-ED76-42B7-B6C7-0F83C90664E4}.Release|Any CPU.Build.0 = Release|Any CPU
		{A90A2F12-ED76-42B7-B6C7-0F83C90664E4}.Release|x64.ActiveCfg = Release|Any CPU
		{A90A2F12-ED76-42B7-B6C7-0F83C90664E4}.Release|x64.Build.0 = Release|Any CPU
		{A90A2F12-ED76-42B7-B6C7-0F83C90664E4}.Release|x86.ActiveCfg = Release|Any CPU
		{A90A2F12-ED76-42B7-B6C7-0F83C90664E4}.Release|x86.Build.0 = Release|Any CPU
		{D7CF7050-DF02-402A-9F0F-E0457514305F}.Debug|Any CPU.ActiveCfg = Debug|Any CPU
		{D7CF7050-DF02-402A-9F0F-E0457514305F}.Debug|Any CPU.Build.0 = Debug|Any CPU
		{D7CF7050-DF02-402A-9F0F-E0457514305F}.Debug|x64.ActiveCfg = Debug|Any CPU
		{D7CF7050-DF02-402A-9F0F-E0457514305F}.Debug|x64.Build.0 = Debug|Any CPU
		{D7CF7050-DF02-402A-9F0F-E0457514305F}.Debug|x86.ActiveCfg = Debug|Any CPU
		{D7CF7050-DF02-402A-9F0F-E0457514305F}.Debug|x86.Build.0 = Debug|Any CPU
		{D7CF7050-DF02-402A-9F0F-E0457514305F}.Release|Any CPU.ActiveCfg = Release|Any CPU
		{D7CF7050-DF02-402A-9F0F-E0457514305F}.Release|Any CPU.Build.0 = Release|Any CPU
		{D7CF7050-DF02-402A-9F0F-E0457514305F}.Release|x64.ActiveCfg = Release|Any CPU
		{D7CF7050-DF02-402A-9F0F-E0457514305F}.Release|x64.Build.0 = Release|Any CPU
		{D7CF7050-DF02-402A-9F0F-E0457514305F}.Release|x86.ActiveCfg = Release|Any CPU
		{D7CF7050-DF02-402A-9F0F-E0457514305F}.Release|x86.Build.0 = Release|Any CPU
		{7005C62A-44FB-4A8F-806F-02A4A83DAB3A}.Debug|Any CPU.ActiveCfg = Debug|Any CPU
		{7005C62A-44FB-4A8F-806F-02A4A83DAB3A}.Debug|Any CPU.Build.0 = Debug|Any CPU
		{7005C62A-44FB-4A8F-806F-02A4A83DAB3A}.Debug|x64.ActiveCfg = Debug|Any CPU
		{7005C62A-44FB-4A8F-806F-02A4A83DAB3A}.Debug|x64.Build.0 = Debug|Any CPU
		{7005C62A-44FB-4A8F-806F-02A4A83DAB3A}.Debug|x86.ActiveCfg = Debug|Any CPU
		{7005C62A-44FB-4A8F-806F-02A4A83DAB3A}.Debug|x86.Build.0 = Debug|Any CPU
		{7005C62A-44FB-4A8F-806F-02A4A83DAB3A}.Release|Any CPU.ActiveCfg = Release|Any CPU
		{7005C62A-44FB-4A8F-806F-02A4A83DAB3A}.Release|Any CPU.Build.0 = Release|Any CPU
		{7005C62A-44FB-4A8F-806F-02A4A83DAB3A}.Release|x64.ActiveCfg = Release|Any CPU
		{7005C62A-44FB-4A8F-806F-02A4A83DAB3A}.Release|x64.Build.0 = Release|Any CPU
		{7005C62A-44FB-4A8F-806F-02A4A83DAB3A}.Release|x86.ActiveCfg = Release|Any CPU
		{7005C62A-44FB-4A8F-806F-02A4A83DAB3A}.Release|x86.Build.0 = Release|Any CPU
		{20DD5FA7-3D91-429B-B7E6-79992AEA3D3A}.Debug|Any CPU.ActiveCfg = Debug|Any CPU
		{20DD5FA7-3D91-429B-B7E6-79992AEA3D3A}.Debug|Any CPU.Build.0 = Debug|Any CPU
		{20DD5FA7-3D91-429B-B7E6-79992AEA3D3A}.Debug|x64.ActiveCfg = Debug|Any CPU
		{20DD5FA7-3D91-429B-B7E6-79992AEA3D3A}.Debug|x64.Build.0 = Debug|Any CPU
		{20DD5FA7-3D91-429B-B7E6-79992AEA3D3A}.Debug|x86.ActiveCfg = Debug|Any CPU
		{20DD5FA7-3D91-429B-B7E6-79992AEA3D3A}.Debug|x86.Build.0 = Debug|Any CPU
		{20DD5FA7-3D91-429B-B7E6-79992AEA3D3A}.Release|Any CPU.ActiveCfg = Release|Any CPU
		{20DD5FA7-3D91-429B-B7E6-79992AEA3D3A}.Release|Any CPU.Build.0 = Release|Any CPU
		{20DD5FA7-3D91-429B-B7E6-79992AEA3D3A}.Release|x64.ActiveCfg = Release|Any CPU
		{20DD5FA7-3D91-429B-B7E6-79992AEA3D3A}.Release|x64.Build.0 = Release|Any CPU
		{20DD5FA7-3D91-429B-B7E6-79992AEA3D3A}.Release|x86.ActiveCfg = Release|Any CPU
		{20DD5FA7-3D91-429B-B7E6-79992AEA3D3A}.Release|x86.Build.0 = Release|Any CPU
		{7AC8C834-12D7-4F67-AC3D-8B9DE9744631}.Debug|Any CPU.ActiveCfg = Debug|Any CPU
		{7AC8C834-12D7-4F67-AC3D-8B9DE9744631}.Debug|Any CPU.Build.0 = Debug|Any CPU
		{7AC8C834-12D7-4F67-AC3D-8B9DE9744631}.Debug|x64.ActiveCfg = Debug|Any CPU
		{7AC8C834-12D7-4F67-AC3D-8B9DE9744631}.Debug|x64.Build.0 = Debug|Any CPU
		{7AC8C834-12D7-4F67-AC3D-8B9DE9744631}.Debug|x86.ActiveCfg = Debug|Any CPU
		{7AC8C834-12D7-4F67-AC3D-8B9DE9744631}.Debug|x86.Build.0 = Debug|Any CPU
		{7AC8C834-12D7-4F67-AC3D-8B9DE9744631}.Release|Any CPU.ActiveCfg = Release|Any CPU
		{7AC8C834-12D7-4F67-AC3D-8B9DE9744631}.Release|Any CPU.Build.0 = Release|Any CPU
		{7AC8C834-12D7-4F67-AC3D-8B9DE9744631}.Release|x64.ActiveCfg = Release|Any CPU
		{7AC8C834-12D7-4F67-AC3D-8B9DE9744631}.Release|x64.Build.0 = Release|Any CPU
		{7AC8C834-12D7-4F67-AC3D-8B9DE9744631}.Release|x86.ActiveCfg = Release|Any CPU
		{7AC8C834-12D7-4F67-AC3D-8B9DE9744631}.Release|x86.Build.0 = Release|Any CPU
		{FC1C21EC-79E3-40BA-8395-6C5C88BFCF79}.Debug|Any CPU.ActiveCfg = Debug|Any CPU
		{FC1C21EC-79E3-40BA-8395-6C5C88BFCF79}.Debug|Any CPU.Build.0 = Debug|Any CPU
		{FC1C21EC-79E3-40BA-8395-6C5C88BFCF79}.Debug|x64.ActiveCfg = Debug|Any CPU
		{FC1C21EC-79E3-40BA-8395-6C5C88BFCF79}.Debug|x64.Build.0 = Debug|Any CPU
		{FC1C21EC-79E3-40BA-8395-6C5C88BFCF79}.Debug|x86.ActiveCfg = Debug|Any CPU
		{FC1C21EC-79E3-40BA-8395-6C5C88BFCF79}.Debug|x86.Build.0 = Debug|Any CPU
		{FC1C21EC-79E3-40BA-8395-6C5C88BFCF79}.Release|Any CPU.ActiveCfg = Release|Any CPU
		{FC1C21EC-79E3-40BA-8395-6C5C88BFCF79}.Release|Any CPU.Build.0 = Release|Any CPU
		{FC1C21EC-79E3-40BA-8395-6C5C88BFCF79}.Release|x64.ActiveCfg = Release|Any CPU
		{FC1C21EC-79E3-40BA-8395-6C5C88BFCF79}.Release|x64.Build.0 = Release|Any CPU
		{FC1C21EC-79E3-40BA-8395-6C5C88BFCF79}.Release|x86.ActiveCfg = Release|Any CPU
		{FC1C21EC-79E3-40BA-8395-6C5C88BFCF79}.Release|x86.Build.0 = Release|Any CPU
		{11662F68-FD4E-4795-A77F-99D18B77651C}.Debug|Any CPU.ActiveCfg = Debug|Any CPU
		{11662F68-FD4E-4795-A77F-99D18B77651C}.Debug|Any CPU.Build.0 = Debug|Any CPU
		{11662F68-FD4E-4795-A77F-99D18B77651C}.Debug|x64.ActiveCfg = Debug|Any CPU
		{11662F68-FD4E-4795-A77F-99D18B77651C}.Debug|x64.Build.0 = Debug|Any CPU
		{11662F68-FD4E-4795-A77F-99D18B77651C}.Debug|x86.ActiveCfg = Debug|Any CPU
		{11662F68-FD4E-4795-A77F-99D18B77651C}.Debug|x86.Build.0 = Debug|Any CPU
		{11662F68-FD4E-4795-A77F-99D18B77651C}.Release|Any CPU.ActiveCfg = Release|Any CPU
		{11662F68-FD4E-4795-A77F-99D18B77651C}.Release|Any CPU.Build.0 = Release|Any CPU
		{11662F68-FD4E-4795-A77F-99D18B77651C}.Release|x64.ActiveCfg = Release|Any CPU
		{11662F68-FD4E-4795-A77F-99D18B77651C}.Release|x64.Build.0 = Release|Any CPU
		{11662F68-FD4E-4795-A77F-99D18B77651C}.Release|x86.ActiveCfg = Release|Any CPU
		{11662F68-FD4E-4795-A77F-99D18B77651C}.Release|x86.Build.0 = Release|Any CPU
		{182E468D-C3E1-4757-A485-2D11D7CEB22C}.Debug|Any CPU.ActiveCfg = Debug|Any CPU
		{182E468D-C3E1-4757-A485-2D11D7CEB22C}.Debug|Any CPU.Build.0 = Debug|Any CPU
		{182E468D-C3E1-4757-A485-2D11D7CEB22C}.Debug|x64.ActiveCfg = Debug|Any CPU
		{182E468D-C3E1-4757-A485-2D11D7CEB22C}.Debug|x64.Build.0 = Debug|Any CPU
		{182E468D-C3E1-4757-A485-2D11D7CEB22C}.Debug|x86.ActiveCfg = Debug|Any CPU
		{182E468D-C3E1-4757-A485-2D11D7CEB22C}.Debug|x86.Build.0 = Debug|Any CPU
		{182E468D-C3E1-4757-A485-2D11D7CEB22C}.Release|Any CPU.ActiveCfg = Release|Any CPU
		{182E468D-C3E1-4757-A485-2D11D7CEB22C}.Release|Any CPU.Build.0 = Release|Any CPU
		{182E468D-C3E1-4757-A485-2D11D7CEB22C}.Release|x64.ActiveCfg = Release|Any CPU
		{182E468D-C3E1-4757-A485-2D11D7CEB22C}.Release|x64.Build.0 = Release|Any CPU
		{182E468D-C3E1-4757-A485-2D11D7CEB22C}.Release|x86.ActiveCfg = Release|Any CPU
		{182E468D-C3E1-4757-A485-2D11D7CEB22C}.Release|x86.Build.0 = Release|Any CPU
		{A2A3856D-2FC6-400C-A6B7-B5A2A6BE490C}.Debug|Any CPU.ActiveCfg = Debug|Any CPU
		{A2A3856D-2FC6-400C-A6B7-B5A2A6BE490C}.Debug|Any CPU.Build.0 = Debug|Any CPU
		{A2A3856D-2FC6-400C-A6B7-B5A2A6BE490C}.Debug|x64.ActiveCfg = Debug|Any CPU
		{A2A3856D-2FC6-400C-A6B7-B5A2A6BE490C}.Debug|x64.Build.0 = Debug|Any CPU
		{A2A3856D-2FC6-400C-A6B7-B5A2A6BE490C}.Debug|x86.ActiveCfg = Debug|Any CPU
		{A2A3856D-2FC6-400C-A6B7-B5A2A6BE490C}.Debug|x86.Build.0 = Debug|Any CPU
		{A2A3856D-2FC6-400C-A6B7-B5A2A6BE490C}.Release|Any CPU.ActiveCfg = Release|Any CPU
		{A2A3856D-2FC6-400C-A6B7-B5A2A6BE490C}.Release|Any CPU.Build.0 = Release|Any CPU
		{A2A3856D-2FC6-400C-A6B7-B5A2A6BE490C}.Release|x64.ActiveCfg = Release|Any CPU
		{A2A3856D-2FC6-400C-A6B7-B5A2A6BE490C}.Release|x64.Build.0 = Release|Any CPU
		{A2A3856D-2FC6-400C-A6B7-B5A2A6BE490C}.Release|x86.ActiveCfg = Release|Any CPU
		{A2A3856D-2FC6-400C-A6B7-B5A2A6BE490C}.Release|x86.Build.0 = Release|Any CPU
		{13753F52-CB13-4CD9-8FAD-D1491122E12B}.Debug|Any CPU.ActiveCfg = Debug|Any CPU
		{13753F52-CB13-4CD9-8FAD-D1491122E12B}.Debug|Any CPU.Build.0 = Debug|Any CPU
		{13753F52-CB13-4CD9-8FAD-D1491122E12B}.Debug|x64.ActiveCfg = Debug|Any CPU
		{13753F52-CB13-4CD9-8FAD-D1491122E12B}.Debug|x64.Build.0 = Debug|Any CPU
		{13753F52-CB13-4CD9-8FAD-D1491122E12B}.Debug|x86.ActiveCfg = Debug|Any CPU
		{13753F52-CB13-4CD9-8FAD-D1491122E12B}.Debug|x86.Build.0 = Debug|Any CPU
		{13753F52-CB13-4CD9-8FAD-D1491122E12B}.Release|Any CPU.ActiveCfg = Release|Any CPU
		{13753F52-CB13-4CD9-8FAD-D1491122E12B}.Release|Any CPU.Build.0 = Release|Any CPU
		{13753F52-CB13-4CD9-8FAD-D1491122E12B}.Release|x64.ActiveCfg = Release|Any CPU
		{13753F52-CB13-4CD9-8FAD-D1491122E12B}.Release|x64.Build.0 = Release|Any CPU
		{13753F52-CB13-4CD9-8FAD-D1491122E12B}.Release|x86.ActiveCfg = Release|Any CPU
		{13753F52-CB13-4CD9-8FAD-D1491122E12B}.Release|x86.Build.0 = Release|Any CPU
		{DFB50F5B-0EF4-41F9-8706-9F527EC51BB0}.Debug|Any CPU.ActiveCfg = Debug|Any CPU
		{DFB50F5B-0EF4-41F9-8706-9F527EC51BB0}.Debug|Any CPU.Build.0 = Debug|Any CPU
		{DFB50F5B-0EF4-41F9-8706-9F527EC51BB0}.Debug|x64.ActiveCfg = Debug|Any CPU
		{DFB50F5B-0EF4-41F9-8706-9F527EC51BB0}.Debug|x64.Build.0 = Debug|Any CPU
		{DFB50F5B-0EF4-41F9-8706-9F527EC51BB0}.Debug|x86.ActiveCfg = Debug|Any CPU
		{DFB50F5B-0EF4-41F9-8706-9F527EC51BB0}.Debug|x86.Build.0 = Debug|Any CPU
		{DFB50F5B-0EF4-41F9-8706-9F527EC51BB0}.Release|Any CPU.ActiveCfg = Release|Any CPU
		{DFB50F5B-0EF4-41F9-8706-9F527EC51BB0}.Release|Any CPU.Build.0 = Release|Any CPU
		{DFB50F5B-0EF4-41F9-8706-9F527EC51BB0}.Release|x64.ActiveCfg = Release|Any CPU
		{DFB50F5B-0EF4-41F9-8706-9F527EC51BB0}.Release|x64.Build.0 = Release|Any CPU
		{DFB50F5B-0EF4-41F9-8706-9F527EC51BB0}.Release|x86.ActiveCfg = Release|Any CPU
		{DFB50F5B-0EF4-41F9-8706-9F527EC51BB0}.Release|x86.Build.0 = Release|Any CPU
		{F8AC61CF-EE23-4F85-8F72-6F5733277112}.Debug|Any CPU.ActiveCfg = Debug|Any CPU
		{F8AC61CF-EE23-4F85-8F72-6F5733277112}.Debug|Any CPU.Build.0 = Debug|Any CPU
		{F8AC61CF-EE23-4F85-8F72-6F5733277112}.Debug|x64.ActiveCfg = Debug|Any CPU
		{F8AC61CF-EE23-4F85-8F72-6F5733277112}.Debug|x64.Build.0 = Debug|Any CPU
		{F8AC61CF-EE23-4F85-8F72-6F5733277112}.Debug|x86.ActiveCfg = Debug|Any CPU
		{F8AC61CF-EE23-4F85-8F72-6F5733277112}.Debug|x86.Build.0 = Debug|Any CPU
		{F8AC61CF-EE23-4F85-8F72-6F5733277112}.Release|Any CPU.ActiveCfg = Release|Any CPU
		{F8AC61CF-EE23-4F85-8F72-6F5733277112}.Release|Any CPU.Build.0 = Release|Any CPU
		{F8AC61CF-EE23-4F85-8F72-6F5733277112}.Release|x64.ActiveCfg = Release|Any CPU
		{F8AC61CF-EE23-4F85-8F72-6F5733277112}.Release|x64.Build.0 = Release|Any CPU
		{F8AC61CF-EE23-4F85-8F72-6F5733277112}.Release|x86.ActiveCfg = Release|Any CPU
		{F8AC61CF-EE23-4F85-8F72-6F5733277112}.Release|x86.Build.0 = Release|Any CPU
		{8E721295-E323-4B25-B233-07A719B24FEE}.Debug|Any CPU.ActiveCfg = Debug|Any CPU
		{8E721295-E323-4B25-B233-07A719B24FEE}.Debug|Any CPU.Build.0 = Debug|Any CPU
		{8E721295-E323-4B25-B233-07A719B24FEE}.Debug|x64.ActiveCfg = Debug|Any CPU
		{8E721295-E323-4B25-B233-07A719B24FEE}.Debug|x64.Build.0 = Debug|Any CPU
		{8E721295-E323-4B25-B233-07A719B24FEE}.Debug|x86.ActiveCfg = Debug|Any CPU
		{8E721295-E323-4B25-B233-07A719B24FEE}.Debug|x86.Build.0 = Debug|Any CPU
		{8E721295-E323-4B25-B233-07A719B24FEE}.Release|Any CPU.ActiveCfg = Release|Any CPU
		{8E721295-E323-4B25-B233-07A719B24FEE}.Release|Any CPU.Build.0 = Release|Any CPU
		{8E721295-E323-4B25-B233-07A719B24FEE}.Release|x64.ActiveCfg = Release|Any CPU
		{8E721295-E323-4B25-B233-07A719B24FEE}.Release|x64.Build.0 = Release|Any CPU
		{8E721295-E323-4B25-B233-07A719B24FEE}.Release|x86.ActiveCfg = Release|Any CPU
		{8E721295-E323-4B25-B233-07A719B24FEE}.Release|x86.Build.0 = Release|Any CPU
		{E483CE75-A8FB-43DE-BEEC-512F958D76A9}.Debug|Any CPU.ActiveCfg = Debug|Any CPU
		{E483CE75-A8FB-43DE-BEEC-512F958D76A9}.Debug|Any CPU.Build.0 = Debug|Any CPU
		{E483CE75-A8FB-43DE-BEEC-512F958D76A9}.Debug|x64.ActiveCfg = Debug|Any CPU
		{E483CE75-A8FB-43DE-BEEC-512F958D76A9}.Debug|x64.Build.0 = Debug|Any CPU
		{E483CE75-A8FB-43DE-BEEC-512F958D76A9}.Debug|x86.ActiveCfg = Debug|Any CPU
		{E483CE75-A8FB-43DE-BEEC-512F958D76A9}.Debug|x86.Build.0 = Debug|Any CPU
		{E483CE75-A8FB-43DE-BEEC-512F958D76A9}.Release|Any CPU.ActiveCfg = Release|Any CPU
		{E483CE75-A8FB-43DE-BEEC-512F958D76A9}.Release|Any CPU.Build.0 = Release|Any CPU
		{E483CE75-A8FB-43DE-BEEC-512F958D76A9}.Release|x64.ActiveCfg = Release|Any CPU
		{E483CE75-A8FB-43DE-BEEC-512F958D76A9}.Release|x64.Build.0 = Release|Any CPU
		{E483CE75-A8FB-43DE-BEEC-512F958D76A9}.Release|x86.ActiveCfg = Release|Any CPU
		{E483CE75-A8FB-43DE-BEEC-512F958D76A9}.Release|x86.Build.0 = Release|Any CPU
		{8D845933-5560-4960-BCC2-8CAC95A89188}.Debug|Any CPU.ActiveCfg = Debug|Any CPU
		{8D845933-5560-4960-BCC2-8CAC95A89188}.Debug|Any CPU.Build.0 = Debug|Any CPU
		{8D845933-5560-4960-BCC2-8CAC95A89188}.Debug|x64.ActiveCfg = Debug|Any CPU
		{8D845933-5560-4960-BCC2-8CAC95A89188}.Debug|x64.Build.0 = Debug|Any CPU
		{8D845933-5560-4960-BCC2-8CAC95A89188}.Debug|x86.ActiveCfg = Debug|Any CPU
		{8D845933-5560-4960-BCC2-8CAC95A89188}.Debug|x86.Build.0 = Debug|Any CPU
		{8D845933-5560-4960-BCC2-8CAC95A89188}.Release|Any CPU.ActiveCfg = Release|Any CPU
		{8D845933-5560-4960-BCC2-8CAC95A89188}.Release|Any CPU.Build.0 = Release|Any CPU
		{8D845933-5560-4960-BCC2-8CAC95A89188}.Release|x64.ActiveCfg = Release|Any CPU
		{8D845933-5560-4960-BCC2-8CAC95A89188}.Release|x64.Build.0 = Release|Any CPU
		{8D845933-5560-4960-BCC2-8CAC95A89188}.Release|x86.ActiveCfg = Release|Any CPU
		{8D845933-5560-4960-BCC2-8CAC95A89188}.Release|x86.Build.0 = Release|Any CPU
		{0DC93781-D13B-4222-82D6-07CF0B372C42}.Debug|Any CPU.ActiveCfg = Debug|Any CPU
		{0DC93781-D13B-4222-82D6-07CF0B372C42}.Debug|Any CPU.Build.0 = Debug|Any CPU
		{0DC93781-D13B-4222-82D6-07CF0B372C42}.Debug|x64.ActiveCfg = Debug|Any CPU
		{0DC93781-D13B-4222-82D6-07CF0B372C42}.Debug|x64.Build.0 = Debug|Any CPU
		{0DC93781-D13B-4222-82D6-07CF0B372C42}.Debug|x86.ActiveCfg = Debug|Any CPU
		{0DC93781-D13B-4222-82D6-07CF0B372C42}.Debug|x86.Build.0 = Debug|Any CPU
		{0DC93781-D13B-4222-82D6-07CF0B372C42}.Release|Any CPU.ActiveCfg = Release|Any CPU
		{0DC93781-D13B-4222-82D6-07CF0B372C42}.Release|Any CPU.Build.0 = Release|Any CPU
		{0DC93781-D13B-4222-82D6-07CF0B372C42}.Release|x64.ActiveCfg = Release|Any CPU
		{0DC93781-D13B-4222-82D6-07CF0B372C42}.Release|x64.Build.0 = Release|Any CPU
		{0DC93781-D13B-4222-82D6-07CF0B372C42}.Release|x86.ActiveCfg = Release|Any CPU
		{0DC93781-D13B-4222-82D6-07CF0B372C42}.Release|x86.Build.0 = Release|Any CPU
	EndGlobalSection
	GlobalSection(SolutionProperties) = preSolution
		HideSolutionNode = FALSE
	EndGlobalSection
	GlobalSection(ExtensibilityGlobals) = postSolution
		SolutionGuid = {3300BA09-2869-40AD-9CF1-D7935C49FFB9}
	EndGlobalSection
EndGlobal
